<?xml version="1.0" encoding="utf-8"?>
<Project ToolsVersion="4.0" xmlns="http://schemas.microsoft.com/developer/msbuild/2003">
  <ItemGroup>
    <Filter Include="Source Files">
      <UniqueIdentifier>{4FC737F1-C7A5-4376-A066-2A32D752A2FF}</UniqueIdentifier>
      <Extensions>cpp;c;cc;cxx;c++;cppm;ixx;def;odl;idl;hpj;bat;asm;asmx</Extensions>
    </Filter>
    <Filter Include="Header Files">
      <UniqueIdentifier>{93995380-89BD-4b04-88EB-625FBE52EBFB}</UniqueIdentifier>
      <Extensions>h;hh;hpp;hxx;h++;hm;inl;inc;ipp;xsd</Extensions>
    </Filter>
    <Filter Include="Resource Files">
      <UniqueIdentifier>{67DA6AB6-F800-4c08-8B7A-83BB121AAD01}</UniqueIdentifier>
      <Extensions>rc;ico;cur;bmp;dlg;rc2;rct;bin;rgs;gif;jpg;jpeg;jpe;resx;tiff;tif;png;wav;mfcribbon-ms</Extensions>
    </Filter>
    <Filter Include="Source Files\DATA">
      <UniqueIdentifier>{2ce8fc47-e639-4c8e-8e05-dee551b0b0e8}</UniqueIdentifier>
    </Filter>
    <Filter Include="Source Files\DATA\Font">
      <UniqueIdentifier>{1d4c70e0-bf6c-4f13-8180-d224227ad169}</UniqueIdentifier>
    </Filter>
    <Filter Include="Source Files\DATA\Image">
      <UniqueIdentifier>{4e99b122-0466-4d22-8602-8148ad01394d}</UniqueIdentifier>
    </Filter>
    <Filter Include="Source Files\GameManager">
      <UniqueIdentifier>{d77016aa-7025-4dfb-8365-ad4f597cec68}</UniqueIdentifier>
    </Filter>
    <Filter Include="Source Files\GameObject">
      <UniqueIdentifier>{f6b5a366-72fa-4203-9b99-51c3f1b86fe1}</UniqueIdentifier>
    </Filter>
    <Filter Include="Source Files\GameState">
      <UniqueIdentifier>{ad63f0db-aec5-4a90-a266-cbc14a21f319}</UniqueIdentifier>
    </Filter>
  </ItemGroup>
  <ItemGroup>
    <ClCompile Include="Monopoly.cpp">
      <Filter>Source Files</Filter>
    </ClCompile>
    <ClCompile Include="GameManager\ResourceManager.cpp">
      <Filter>Source Files\GameManager</Filter>
    </ClCompile>
    <ClCompile Include="GameManager\WindowConnector.cpp">
      <Filter>Source Files\GameManager</Filter>
    </ClCompile>
    <ClCompile Include="GameObject\Animation.cpp">
      <Filter>Source Files\GameObject</Filter>
    </ClCompile>
    <ClCompile Include="GameObject\BonusCell.cpp">
      <Filter>Source Files\GameObject</Filter>
    </ClCompile>
    <ClCompile Include="GameObject\Building.cpp">
      <Filter>Source Files\GameObject</Filter>
    </ClCompile>
    <ClCompile Include="GameObject\BusCell.cpp">
      <Filter>Source Files\GameObject</Filter>
    </ClCompile>
    <ClCompile Include="GameObject\Choice.cpp">
      <Filter>Source Files\GameObject</Filter>
    </ClCompile>
    <ClCompile Include="GameObject\DiceRoll.cpp">
      <Filter>Source Files\GameObject</Filter>
    </ClCompile>
    <ClCompile Include="GameObject\GameButton.cpp">
      <Filter>Source Files\GameObject</Filter>
    </ClCompile>
    <ClCompile Include="GameObject\Hotel.cpp">
      <Filter>Source Files\GameObject</Filter>
    </ClCompile>
    <ClCompile Include="GameObject\House.cpp">
      <Filter>Source Files\GameObject</Filter>
    </ClCompile>
    <ClCompile Include="GameObject\JailCell.cpp">
      <Filter>Source Files\GameObject</Filter>
    </ClCompile>
    <ClCompile Include="GameObject\ListPlayers.cpp">
      <Filter>Source Files\GameObject</Filter>
    </ClCompile>
    <ClCompile Include="GameObject\MatrixCells.cpp">
      <Filter>Source Files\GameObject</Filter>
    </ClCompile>
    <ClCompile Include="GameObject\Message.cpp">
      <Filter>Source Files\GameObject</Filter>
    </ClCompile>
    <ClCompile Include="GameObject\Player.cpp">
      <Filter>Source Files\GameObject</Filter>
    </ClCompile>
    <ClCompile Include="GameObject\PropertyCell.cpp">
      <Filter>Source Files\GameObject</Filter>
    </ClCompile>
    <ClCompile Include="GameObject\Shop.cpp">
      <Filter>Source Files\GameObject</Filter>
    </ClCompile>
    <ClCompile Include="GameObject\StartCell.cpp">
      <Filter>Source Files\GameObject</Filter>
    </ClCompile>
    <ClCompile Include="GameObject\TaxCell.cpp">
      <Filter>Source Files\GameObject</Filter>
    </ClCompile>
    <ClCompile Include="GameState\GameStateBase.cpp">
      <Filter>Source Files\GameState</Filter>
    </ClCompile>
    <ClCompile Include="GameState\GameStateEndGame.cpp">
      <Filter>Source Files\GameState</Filter>
    </ClCompile>
    <ClCompile Include="GameState\GameStateGamePlay.cpp">
      <Filter>Source Files\GameState</Filter>
    </ClCompile>
    <ClCompile Include="GameState\GameStateIntro.cpp">
      <Filter>Source Files\GameState</Filter>
    </ClCompile>
    <ClCompile Include="GameState\GameStateMachine.cpp">
      <Filter>Source Files\GameState</Filter>
    </ClCompile>
    <ClCompile Include="GameState\GameStateMenu.cpp">
      <Filter>Source Files\GameState</Filter>
    </ClCompile>
    <ClCompile Include="GameState\GameStatePickMode.cpp">
      <Filter>Source Files\GameState</Filter>
    </ClCompile>
    <ClCompile Include="Application.cpp">
      <Filter>Source Files</Filter>
    </ClCompile>
  </ItemGroup>
  <ItemGroup>
    <Font Include="DATA\Font\font.ttf">
      <Filter>Source Files\DATA\Font</Filter>
    </Font>
  </ItemGroup>
  <ItemGroup>
    <Image Include="DATA\Image\background.png">
      <Filter>Source Files\DATA\Image</Filter>
    </Image>
    <Image Include="DATA\Image\background2.png">
      <Filter>Source Files\DATA\Image</Filter>
    </Image>
    <Image Include="DATA\Image\backgroundMenu.png">
      <Filter>Source Files\DATA\Image</Filter>
    </Image>
    <Image Include="DATA\Image\cell.png">
      <Filter>Source Files\DATA\Image</Filter>
    </Image>
    <Image Include="DATA\Image\charactor.png">
      <Filter>Source Files\DATA\Image</Filter>
    </Image>
    <Image Include="DATA\Image\dice.png">
      <Filter>Source Files\DATA\Image</Filter>
    </Image>
    <Image Include="DATA\Image\frameBackground.png">
      <Filter>Source Files\DATA\Image</Filter>
    </Image>
    <Image Include="DATA\Image\frameGamePlay.png">
      <Filter>Source Files\DATA\Image</Filter>
    </Image>
    <Image Include="DATA\Image\logo.png">
      <Filter>Source Files\DATA\Image</Filter>
    </Image>
    <Image Include="DATA\Image\messageForm.png">
      <Filter>Source Files\DATA\Image</Filter>
    </Image>
  </ItemGroup>
  <ItemGroup>
    <ClInclude Include="GameManager\ResourceManager.h">
      <Filter>Source Files\GameManager</Filter>
    </ClInclude>
    <ClInclude Include="GameManager\Singleton.h">
      <Filter>Source Files\GameManager</Filter>
    </ClInclude>
    <ClInclude Include="GameManager\WindowConnector.h">
      <Filter>Source Files\GameManager</Filter>
    </ClInclude>
    <ClInclude Include="GameObject\Animation.h">
      <Filter>Source Files\GameObject</Filter>
    </ClInclude>
    <ClInclude Include="GameObject\BonusCell.h">
      <Filter>Source Files\GameObject</Filter>
    </ClInclude>
    <ClInclude Include="GameObject\Building.h">
      <Filter>Source Files\GameObject</Filter>
    </ClInclude>
    <ClInclude Include="GameObject\BusCell.h">
      <Filter>Source Files\GameObject</Filter>
    </ClInclude>
    <ClInclude Include="GameObject\Cell.h">
      <Filter>Source Files\GameObject</Filter>
    </ClInclude>
    <ClInclude Include="GameObject\Choice.h">
      <Filter>Source Files\GameObject</Filter>
    </ClInclude>
    <ClInclude Include="GameObject\DiceRoll.h">
      <Filter>Source Files\GameObject</Filter>
    </ClInclude>
    <ClInclude Include="GameObject\GameButton.h">
      <Filter>Source Files\GameObject</Filter>
    </ClInclude>
    <ClInclude Include="GameObject\Hotel.h">
      <Filter>Source Files\GameObject</Filter>
    </ClInclude>
    <ClInclude Include="GameObject\House.h">
      <Filter>Source Files\GameObject</Filter>
    </ClInclude>
    <ClInclude Include="GameObject\JailCell.h">
      <Filter>Source Files\GameObject</Filter>
    </ClInclude>
    <ClInclude Include="GameObject\ListPlayers.h">
      <Filter>Source Files\GameObject</Filter>
    </ClInclude>
    <ClInclude Include="GameObject\MatrixCells.h">
      <Filter>Source Files\GameObject</Filter>
    </ClInclude>
    <ClInclude Include="GameObject\Message.h">
      <Filter>Source Files\GameObject</Filter>
    </ClInclude>
    <ClInclude Include="GameObject\Player.h">
      <Filter>Source Files\GameObject</Filter>
    </ClInclude>
    <ClInclude Include="GameObject\Property.h">
      <Filter>Source Files\GameObject</Filter>
    </ClInclude>
    <ClInclude Include="GameObject\PropertyCell.h">
      <Filter>Source Files\GameObject</Filter>
    </ClInclude>
    <ClInclude Include="GameObject\Shop.h">
      <Filter>Source Files\GameObject</Filter>
    </ClInclude>
    <ClInclude Include="GameObject\StartCell.h">
      <Filter>Source Files\GameObject</Filter>
    </ClInclude>
    <ClInclude Include="GameObject\TaxCell.h">
      <Filter>Source Files\GameObject</Filter>
    </ClInclude>
    <ClInclude Include="GameState\GameStateBase.h">
      <Filter>Source Files\GameState</Filter>
    </ClInclude>
    <ClInclude Include="GameState\GameStateEndGame.h">
      <Filter>Source Files\GameState</Filter>
    </ClInclude>
    <ClInclude Include="GameState\GameStateGamePlay.h">
      <Filter>Source Files\GameState</Filter>
    </ClInclude>
    <ClInclude Include="GameState\GameStateIntro.h">
      <Filter>Source Files\GameState</Filter>
    </ClInclude>
    <ClInclude Include="GameState\GameStateMachine.h">
      <Filter>Source Files\GameState</Filter>
    </ClInclude>
    <ClInclude Include="GameState\GameStateMenu.h">
      <Filter>Source Files\GameState</Filter>
    </ClInclude>
    <ClInclude Include="GameState\GameStatePickMode.h">
      <Filter>Source Files\GameState</Filter>
    </ClInclude>
    <ClInclude Include="Application.h">
      <Filter>Source Files</Filter>
    </ClInclude>
    <ClInclude Include="GameConfig.h">
      <Filter>Source Files</Filter>
    </ClInclude>
    <ClInclude Include="GameManager\testlib.h">
      <Filter>Source Files\GameManager</Filter>
    </ClInclude>
  </ItemGroup>
</Project>